
Microsoft Visual Studio Solution File, Format Version 12.00
# Visual Studio Version 17
VisualStudioVersion = 17.4.33103.184
MinimumVisualStudioVersion = 10.0.40219.1
Project("{FAE04EC0-301F-11D3-BF4B-00C04F79EFBC}") = "DI_Demo", "DI_Demo\DI_Demo.csproj", "{53E00767-B068-4411-9054-C28B5A02763F}"
EndProject
Global
	GlobalSection(SolutionConfigurationPlatforms) = preSolution
		Debug|Any CPU = Debug|Any CPU
		Release|Any CPU = Release|Any CPU
	EndGlobalSection
	GlobalSection(ProjectConfigurationPlatforms) = postSolution
		{53E00767-B068-4411-9054-C28B5A02763F}.Debug|Any CPU.ActiveCfg = Debug|Any CPU
		{53E00767-B068-4411-9054-C28B5A02763F}.Debug|Any CPU.Build.0 = Debug|Any CPU
		{53E00767-B068-4411-9054-C28B5A02763F}.Release|Any CPU.ActiveCfg = Release|Any CPU
		{53E00767-B068-4411-9054-C28B5A02763F}.Release|Any CPU.Build.0 = Release|Any CPU
	EndGlobalSection
	GlobalSection(SolutionProperties) = preSolution
		HideSolutionNode = FALSE
	EndGlobalSection
	GlobalSection(ExtensibilityGlobals) = postSolution
		SolutionGuid = {29E42904-E06B-46DD-ADBF-6B1F1E21611A}
	EndGlobalSection
EndGlobal
