
Microsoft Visual Studio Solution File, Format Version 12.00
# Visual Studio Version 17
VisualStudioVersion = 17.4.33103.184
MinimumVisualStudioVersion = 10.0.40219.1
Project("{FAE04EC0-301F-11D3-BF4B-00C04F79EFBC}") = "employeeWebAPI", "employeeWebAPI\employeeWebAPI.csproj", "{298E8DBB-D42A-4ADB-BAEA-5BCBC878D66B}"
EndProject
Global
	GlobalSection(SolutionConfigurationPlatforms) = preSolution
		Debug|Any CPU = Debug|Any CPU
		Release|Any CPU = Release|Any CPU
	EndGlobalSection
	GlobalSection(ProjectConfigurationPlatforms) = postSolution
		{298E8DBB-D42A-4ADB-BAEA-5BCBC878D66B}.Debug|Any CPU.ActiveCfg = Debug|Any CPU
		{298E8DBB-D42A-4ADB-BAEA-5BCBC878D66B}.Debug|Any CPU.Build.0 = Debug|Any CPU
		{298E8DBB-D42A-4ADB-BAEA-5BCBC878D66B}.Release|Any CPU.ActiveCfg = Release|Any CPU
		{298E8DBB-D42A-4ADB-BAEA-5BCBC878D66B}.Release|Any CPU.Build.0 = Release|Any CPU
	EndGlobalSection
	GlobalSection(SolutionProperties) = preSolution
		HideSolutionNode = FALSE
	EndGlobalSection
	GlobalSection(ExtensibilityGlobals) = postSolution
		SolutionGuid = {B081C3B9-AABF-44C9-A479-ACFA4DF8AEC6}
	EndGlobalSection
EndGlobal
